
Microsoft Visual Studio Solution File, Format Version 12.00
# Visual Studio Version 16
VisualStudioVersion = 16.0.31702.278
MinimumVisualStudioVersion = 10.0.40219.1
Project("{FAE04EC0-301F-11D3-BF4B-00C04F79EFBC}") = "RestaurantBot", "RestaurantBot\RestaurantBot.csproj", "{80941CD8-DC5A-434A-9EED-75642BF6E418}"
EndProject
Global
	GlobalSection(SolutionConfigurationPlatforms) = preSolution
		Debug|Any CPU = Debug|Any CPU
		Release|Any CPU = Release|Any CPU
	EndGlobalSection
	GlobalSection(ProjectConfigurationPlatforms) = postSolution
		{80941CD8-DC5A-434A-9EED-75642BF6E418}.Debug|Any CPU.ActiveCfg = Debug|Any CPU
		{80941CD8-DC5A-434A-9EED-75642BF6E418}.Debug|Any CPU.Build.0 = Debug|Any CPU
		{80941CD8-DC5A-434A-9EED-75642BF6E418}.Release|Any CPU.ActiveCfg = Release|Any CPU
		{80941CD8-DC5A-434A-9EED-75642BF6E418}.Release|Any CPU.Build.0 = Release|Any CPU
	EndGlobalSection
	GlobalSection(SolutionProperties) = preSolution
		HideSolutionNode = FALSE
	EndGlobalSection
	GlobalSection(ExtensibilityGlobals) = postSolution
		SolutionGuid = {A82A7267-784B-4239-9663-920A8DB7D910}
	EndGlobalSection
EndGlobal
